{
    "_readme": [
        "This file locks the dependencies of your project to a known state",
        "Read more about it at https://getcomposer.org/doc/01-basic-usage.md#composer-lock-the-lock-file",
        "This file is @generated automatically"
    ],
    "hash": "7f8bacbc8b8afdc8c44a245b37100eb2",
    "content-hash": "324734505f079ec158f90981ff3be855",
    "packages": [
        {
            "name": "steveorevo/string",
            "version": "1.0.3",
            "source": {
                "type": "git",
                "url": "https://github.com/Steveorevo/String.git",
                "reference": "99311a1bca560b9d619b3251421eacc94e548010"
            },
            "dist": {
                "type": "zip",
                "url": "https://api.github.com/repos/Steveorevo/String/zipball/99311a1bca560b9d619b3251421eacc94e548010",
                "reference": "99311a1bca560b9d619b3251421eacc94e548010",
                "shasum": ""
            },
            "type": "library",
            "autoload": {
                "psr-4": {
                    "Steveorevo\\": "src/"
                }
            },
            "notification-url": "https://packagist.org/downloads/",
            "license": [
                "MIT"
            ],
            "authors": [
                {
                    "name": "Stephen J. Carnam",
                    "email": "steve@steveorevo.com",
                    "homepage": "http://steveorevo.com",
                    "role": "developer"
                },
                {
                    "name": "Michael Scribellito",
                    "email": "mscribellito@gmail.com",
                    "homepage": "http://mscribellito.com",
                    "role": "developer"
                }
            ],
            "description": "Implements OOP String handling with useful parsing functions.",
            "homepage": "https://github.com/Steveorevo/String",
            "keywords": [
                "OOP",
                "string"
            ],
            "time": "2015-09-30 21:15:27"
        }
    ],
    "packages-dev": [],
    "aliases": [],
    "minimum-stability": "stable",
    "stability-flags": [],
    "prefer-stable": false,
    "prefer-lowest": false,
    "platform": [],
    "platform-dev": []
}
